// !$*UTF8*$!
{
	archiveVersion = 1;
	classes = {
	};
	objectVersion = 46;
	objects = {

/* Begin PBXBuildFile section */
		1CDADEF71B3EE1A900D032D1 /* Drone01.mp3 in Resources */ = {isa = PBXBuildFile; fileRef = 1CDADEF61B3EE1A900D032D1 /* Drone01.mp3 */; };
		26C2E3BB1B3EB120007A95D2 /* main.m in Sources */ = {isa = PBXBuildFile; fileRef = 26C2E3BA1B3EB120007A95D2 /* main.m */; };
		26C2E3BE1B3EB120007A95D2 /* AppDelegate.m in Sources */ = {isa = PBXBuildFile; fileRef = 26C2E3BD1B3EB120007A95D2 /* AppDelegate.m */; };
		26C2E3C11B3EB120007A95D2 /* GameScene.m in Sources */ = {isa = PBXBuildFile; fileRef = 26C2E3C01B3EB120007A95D2 /* GameScene.m */; };
		26C2E3C61B3EB120007A95D2 /* GameViewController.m in Sources */ = {isa = PBXBuildFile; fileRef = 26C2E3C51B3EB120007A95D2 /* GameViewController.m */; };
		26C2E3C91B3EB120007A95D2 /* Main.storyboard in Resources */ = {isa = PBXBuildFile; fileRef = 26C2E3C71B3EB120007A95D2 /* Main.storyboard */; };
		26C2E3CB1B3EB120007A95D2 /* Images.xcassets in Resources */ = {isa = PBXBuildFile; fileRef = 26C2E3CA1B3EB120007A95D2 /* Images.xcassets */; };
		26C2E3CE1B3EB120007A95D2 /* LaunchScreen.xib in Resources */ = {isa = PBXBuildFile; fileRef = 26C2E3CC1B3EB120007A95D2 /* LaunchScreen.xib */; };
		26C2E3DA1B3EB120007A95D2 /* HomeSickTests.m in Sources */ = {isa = PBXBuildFile; fileRef = 26C2E3D91B3EB120007A95D2 /* HomeSickTests.m */; };
		26C2E3F41B3EBF9B007A95D2 /* HSPlanetNode.m in Sources */ = {isa = PBXBuildFile; fileRef = 26C2E3F01B3EBF9B007A95D2 /* HSPlanetNode.m */; };
		26C2E3F51B3EBF9B007A95D2 /* HSMainCharacterNode.m in Sources */ = {isa = PBXBuildFile; fileRef = 26C2E3F31B3EBF9B007A95D2 /* HSMainCharacterNode.m */; };
		26C2E3F91B3EBFB6007A95D2 /* HSObstacleNode.m in Sources */ = {isa = PBXBuildFile; fileRef = 26C2E3F81B3EBFB6007A95D2 /* HSObstacleNode.m */; };
		26C2E3FC1B3ECDBF007A95D2 /* HSBackgroundNode.m in Sources */ = {isa = PBXBuildFile; fileRef = 26C2E3FB1B3ECDBF007A95D2 /* HSBackgroundNode.m */; };
		26C2E4001B3ECEAE007A95D2 /* UIColor+HSAdditions.m in Sources */ = {isa = PBXBuildFile; fileRef = 26C2E3FF1B3ECEAD007A95D2 /* UIColor+HSAdditions.m */; };
		26C2E4031B3EED95007A95D2 /* PBParallaxScrolling.m in Sources */ = {isa = PBXBuildFile; fileRef = 26C2E4021B3EED95007A95D2 /* PBParallaxScrolling.m */; };
/* End PBXBuildFile section */

/* Begin PBXContainerItemProxy section */
		26C2E3D41B3EB120007A95D2 /* PBXContainerItemProxy */ = {
			isa = PBXContainerItemProxy;
			containerPortal = 26C2E3AD1B3EB120007A95D2 /* Project object */;
			proxyType = 1;
			remoteGlobalIDString = 26C2E3B41B3EB120007A95D2;
			remoteInfo = HomeSick;
		};
/* End PBXContainerItemProxy section */

/* Begin PBXFileReference section */
		1CDADEF61B3EE1A900D032D1 /* Drone01.mp3 */ = {isa = PBXFileReference; lastKnownFileType = audio.mp3; name = Drone01.mp3; path = SoundFiles/Drone01.mp3; sourceTree = "<group>"; };
		26C2E3B51B3EB120007A95D2 /* HomeSick.app */ = {isa = PBXFileReference; explicitFileType = wrapper.application; includeInIndex = 0; path = HomeSick.app; sourceTree = BUILT_PRODUCTS_DIR; };
		26C2E3B91B3EB120007A95D2 /* Info.plist */ = {isa = PBXFileReference; lastKnownFileType = text.plist.xml; path = Info.plist; sourceTree = "<group>"; };
		26C2E3BA1B3EB120007A95D2 /* main.m */ = {isa = PBXFileReference; lastKnownFileType = sourcecode.c.objc; path = main.m; sourceTree = "<group>"; };
		26C2E3BC1B3EB120007A95D2 /* AppDelegate.h */ = {isa = PBXFileReference; lastKnownFileType = sourcecode.c.h; path = AppDelegate.h; sourceTree = "<group>"; };
		26C2E3BD1B3EB120007A95D2 /* AppDelegate.m */ = {isa = PBXFileReference; lastKnownFileType = sourcecode.c.objc; path = AppDelegate.m; sourceTree = "<group>"; };
		26C2E3BF1B3EB120007A95D2 /* GameScene.h */ = {isa = PBXFileReference; lastKnownFileType = sourcecode.c.h; path = GameScene.h; sourceTree = "<group>"; };
		26C2E3C01B3EB120007A95D2 /* GameScene.m */ = {isa = PBXFileReference; lastKnownFileType = sourcecode.c.objc; path = GameScene.m; sourceTree = "<group>"; };
		26C2E3C41B3EB120007A95D2 /* GameViewController.h */ = {isa = PBXFileReference; lastKnownFileType = sourcecode.c.h; path = GameViewController.h; sourceTree = "<group>"; };
		26C2E3C51B3EB120007A95D2 /* GameViewController.m */ = {isa = PBXFileReference; lastKnownFileType = sourcecode.c.objc; path = GameViewController.m; sourceTree = "<group>"; };
		26C2E3C81B3EB120007A95D2 /* Base */ = {isa = PBXFileReference; lastKnownFileType = file.storyboard; name = Base; path = Base.lproj/Main.storyboard; sourceTree = "<group>"; };
		26C2E3CA1B3EB120007A95D2 /* Images.xcassets */ = {isa = PBXFileReference; lastKnownFileType = folder.assetcatalog; path = Images.xcassets; sourceTree = "<group>"; };
		26C2E3CD1B3EB120007A95D2 /* Base */ = {isa = PBXFileReference; lastKnownFileType = file.xib; name = Base; path = Base.lproj/LaunchScreen.xib; sourceTree = "<group>"; };
		26C2E3D31B3EB120007A95D2 /* HomeSickTests.xctest */ = {isa = PBXFileReference; explicitFileType = wrapper.cfbundle; includeInIndex = 0; path = HomeSickTests.xctest; sourceTree = BUILT_PRODUCTS_DIR; };
		26C2E3D81B3EB120007A95D2 /* Info.plist */ = {isa = PBXFileReference; lastKnownFileType = text.plist.xml; path = Info.plist; sourceTree = "<group>"; };
		26C2E3D91B3EB120007A95D2 /* HomeSickTests.m */ = {isa = PBXFileReference; lastKnownFileType = sourcecode.c.objc; path = HomeSickTests.m; sourceTree = "<group>"; };
		26C2E3EF1B3EBF9B007A95D2 /* HSPlanetNode.h */ = {isa = PBXFileReference; fileEncoding = 4; lastKnownFileType = sourcecode.c.h; path = HSPlanetNode.h; sourceTree = "<group>"; };
		26C2E3F01B3EBF9B007A95D2 /* HSPlanetNode.m */ = {isa = PBXFileReference; fileEncoding = 4; lastKnownFileType = sourcecode.c.objc; path = HSPlanetNode.m; sourceTree = "<group>"; };
		26C2E3F21B3EBF9B007A95D2 /* HSMainCharacterNode.h */ = {isa = PBXFileReference; fileEncoding = 4; lastKnownFileType = sourcecode.c.h; path = HSMainCharacterNode.h; sourceTree = "<group>"; };
		26C2E3F31B3EBF9B007A95D2 /* HSMainCharacterNode.m */ = {isa = PBXFileReference; fileEncoding = 4; lastKnownFileType = sourcecode.c.objc; path = HSMainCharacterNode.m; sourceTree = "<group>"; };
		26C2E3F71B3EBFB6007A95D2 /* HSObstacleNode.h */ = {isa = PBXFileReference; fileEncoding = 4; lastKnownFileType = sourcecode.c.h; name = HSObstacleNode.h; path = Obstacles/HSObstacleNode.h; sourceTree = "<group>"; };
		26C2E3F81B3EBFB6007A95D2 /* HSObstacleNode.m */ = {isa = PBXFileReference; fileEncoding = 4; lastKnownFileType = sourcecode.c.objc; name = HSObstacleNode.m; path = Obstacles/HSObstacleNode.m; sourceTree = "<group>"; };
		26C2E3FA1B3ECDBF007A95D2 /* HSBackgroundNode.h */ = {isa = PBXFileReference; fileEncoding = 4; lastKnownFileType = sourcecode.c.h; path = HSBackgroundNode.h; sourceTree = "<group>"; };
		26C2E3FB1B3ECDBF007A95D2 /* HSBackgroundNode.m */ = {isa = PBXFileReference; fileEncoding = 4; lastKnownFileType = sourcecode.c.objc; path = HSBackgroundNode.m; sourceTree = "<group>"; };
		26C2E3FE1B3ECEAD007A95D2 /* UIColor+HSAdditions.h */ = {isa = PBXFileReference; fileEncoding = 4; lastKnownFileType = sourcecode.c.h; name = "UIColor+HSAdditions.h"; path = "Helpers/UIColor+HSAdditions.h"; sourceTree = "<group>"; };
		26C2E3FF1B3ECEAD007A95D2 /* UIColor+HSAdditions.m */ = {isa = PBXFileReference; fileEncoding = 4; lastKnownFileType = sourcecode.c.objc; name = "UIColor+HSAdditions.m"; path = "Helpers/UIColor+HSAdditions.m"; sourceTree = "<group>"; };
		26C2E4011B3EED95007A95D2 /* PBParallaxScrolling.h */ = {isa = PBXFileReference; fileEncoding = 4; lastKnownFileType = sourcecode.c.h; name = PBParallaxScrolling.h; path = Helpers/PBParallaxScrolling.h; sourceTree = "<group>"; };
		26C2E4021B3EED95007A95D2 /* PBParallaxScrolling.m */ = {isa = PBXFileReference; fileEncoding = 4; lastKnownFileType = sourcecode.c.objc; name = PBParallaxScrolling.m; path = Helpers/PBParallaxScrolling.m; sourceTree = "<group>"; };
/* End PBXFileReference section */

/* Begin PBXFrameworksBuildPhase section */
		26C2E3B21B3EB120007A95D2 /* Frameworks */ = {
			isa = PBXFrameworksBuildPhase;
			buildActionMask = 2147483647;
			files = (
			);
			runOnlyForDeploymentPostprocessing = 0;
		};
		26C2E3D01B3EB120007A95D2 /* Frameworks */ = {
			isa = PBXFrameworksBuildPhase;
			buildActionMask = 2147483647;
			files = (
			);
			runOnlyForDeploymentPostprocessing = 0;
		};
/* End PBXFrameworksBuildPhase section */

/* Begin PBXGroup section */
		1CDADEF51B3EDB7100D032D1 /* SoundFiles */ = {
			isa = PBXGroup;
			children = (
				1CDADEF61B3EE1A900D032D1 /* Drone01.mp3 */,
			);
			name = SoundFiles;
			sourceTree = "<group>";
		};
		26C2E3AC1B3EB120007A95D2 = {
			isa = PBXGroup;
			children = (
				26C2E3B71B3EB120007A95D2 /* HomeSick */,
				26C2E3D61B3EB120007A95D2 /* HomeSickTests */,
				26C2E3B61B3EB120007A95D2 /* Products */,
			);
			sourceTree = "<group>";
		};
		26C2E3B61B3EB120007A95D2 /* Products */ = {
			isa = PBXGroup;
			children = (
				26C2E3B51B3EB120007A95D2 /* HomeSick.app */,
				26C2E3D31B3EB120007A95D2 /* HomeSickTests.xctest */,
			);
			name = Products;
			sourceTree = "<group>";
		};
		26C2E3B71B3EB120007A95D2 /* HomeSick */ = {
			isa = PBXGroup;
			children = (
				1CDADEF51B3EDB7100D032D1 /* SoundFiles */,
				26C2E3FD1B3ECE50007A95D2 /* Helpers */,
				26C2E3ED1B3EBF9B007A95D2 /* Nodes */,
				26C2E3BC1B3EB120007A95D2 /* AppDelegate.h */,
				26C2E3BD1B3EB120007A95D2 /* AppDelegate.m */,
				26C2E3BF1B3EB120007A95D2 /* GameScene.h */,
				26C2E3C01B3EB120007A95D2 /* GameScene.m */,
				26C2E3C41B3EB120007A95D2 /* GameViewController.h */,
				26C2E3C51B3EB120007A95D2 /* GameViewController.m */,
				26C2E3C71B3EB120007A95D2 /* Main.storyboard */,
				26C2E3CA1B3EB120007A95D2 /* Images.xcassets */,
				26C2E3CC1B3EB120007A95D2 /* LaunchScreen.xib */,
				26C2E3B81B3EB120007A95D2 /* Supporting Files */,
			);
			path = HomeSick;
			sourceTree = "<group>";
		};
		26C2E3B81B3EB120007A95D2 /* Supporting Files */ = {
			isa = PBXGroup;
			children = (
				26C2E3B91B3EB120007A95D2 /* Info.plist */,
				26C2E3BA1B3EB120007A95D2 /* main.m */,
			);
			name = "Supporting Files";
			sourceTree = "<group>";
		};
		26C2E3D61B3EB120007A95D2 /* HomeSickTests */ = {
			isa = PBXGroup;
			children = (
				26C2E3D91B3EB120007A95D2 /* HomeSickTests.m */,
				26C2E3D71B3EB120007A95D2 /* Supporting Files */,
			);
			path = HomeSickTests;
			sourceTree = "<group>";
		};
		26C2E3D71B3EB120007A95D2 /* Supporting Files */ = {
			isa = PBXGroup;
			children = (
				26C2E3D81B3EB120007A95D2 /* Info.plist */,
			);
			name = "Supporting Files";
			sourceTree = "<group>";
		};
		26C2E3ED1B3EBF9B007A95D2 /* Nodes */ = {
			isa = PBXGroup;
			children = (
				26C2E3F61B3EBFA3007A95D2 /* Obstacles */,
				26C2E3EE1B3EBF9B007A95D2 /* Environment */,
				26C2E3F11B3EBF9B007A95D2 /* Main character */,
			);
			path = Nodes;
			sourceTree = "<group>";
		};
		26C2E3EE1B3EBF9B007A95D2 /* Environment */ = {
			isa = PBXGroup;
			children = (
				26C2E3EF1B3EBF9B007A95D2 /* HSPlanetNode.h */,
				26C2E3F01B3EBF9B007A95D2 /* HSPlanetNode.m */,
				26C2E3FA1B3ECDBF007A95D2 /* HSBackgroundNode.h */,
				26C2E3FB1B3ECDBF007A95D2 /* HSBackgroundNode.m */,
			);
			path = Environment;
			sourceTree = "<group>";
		};
		26C2E3F11B3EBF9B007A95D2 /* Main character */ = {
			isa = PBXGroup;
			children = (
				26C2E3F21B3EBF9B007A95D2 /* HSMainCharacterNode.h */,
				26C2E3F31B3EBF9B007A95D2 /* HSMainCharacterNode.m */,
			);
			path = "Main character";
			sourceTree = "<group>";
		};
		26C2E3F61B3EBFA3007A95D2 /* Obstacles */ = {
			isa = PBXGroup;
			children = (
				26C2E3F71B3EBFB6007A95D2 /* HSObstacleNode.h */,
				26C2E3F81B3EBFB6007A95D2 /* HSObstacleNode.m */,
			);
			name = Obstacles;
			sourceTree = "<group>";
		};
		26C2E3FD1B3ECE50007A95D2 /* Helpers */ = {
			isa = PBXGroup;
			children = (
				26C2E4011B3EED95007A95D2 /* PBParallaxScrolling.h */,
				26C2E4021B3EED95007A95D2 /* PBParallaxScrolling.m */,
				26C2E3FE1B3ECEAD007A95D2 /* UIColor+HSAdditions.h */,
				26C2E3FF1B3ECEAD007A95D2 /* UIColor+HSAdditions.m */,
			);
			name = Helpers;
			sourceTree = "<group>";
		};
/* End PBXGroup section */

/* Begin PBXNativeTarget section */
		26C2E3B41B3EB120007A95D2 /* HomeSick */ = {
			isa = PBXNativeTarget;
			buildConfigurationList = 26C2E3DD1B3EB120007A95D2 /* Build configuration list for PBXNativeTarget "HomeSick" */;
			buildPhases = (
				26C2E3B11B3EB120007A95D2 /* Sources */,
				26C2E3B21B3EB120007A95D2 /* Frameworks */,
				26C2E3B31B3EB120007A95D2 /* Resources */,
			);
			buildRules = (
			);
			dependencies = (
			);
			name = HomeSick;
			productName = HomeSick;
			productReference = 26C2E3B51B3EB120007A95D2 /* HomeSick.app */;
			productType = "com.apple.product-type.application";
		};
		26C2E3D21B3EB120007A95D2 /* HomeSickTests */ = {
			isa = PBXNativeTarget;
			buildConfigurationList = 26C2E3E01B3EB120007A95D2 /* Build configuration list for PBXNativeTarget "HomeSickTests" */;
			buildPhases = (
				26C2E3CF1B3EB120007A95D2 /* Sources */,
				26C2E3D01B3EB120007A95D2 /* Frameworks */,
				26C2E3D11B3EB120007A95D2 /* Resources */,
			);
			buildRules = (
			);
			dependencies = (
				26C2E3D51B3EB120007A95D2 /* PBXTargetDependency */,
			);
			name = HomeSickTests;
			productName = HomeSickTests;
			productReference = 26C2E3D31B3EB120007A95D2 /* HomeSickTests.xctest */;
			productType = "com.apple.product-type.bundle.unit-test";
		};
/* End PBXNativeTarget section */

/* Begin PBXProject section */
		26C2E3AD1B3EB120007A95D2 /* Project object */ = {
			isa = PBXProject;
			attributes = {
				LastUpgradeCheck = 0630;
				ORGANIZATIONNAME = damirstuhec;
				TargetAttributes = {
					26C2E3B41B3EB120007A95D2 = {
						CreatedOnToolsVersion = 6.3.2;
					};
					26C2E3D21B3EB120007A95D2 = {
						CreatedOnToolsVersion = 6.3.2;
						TestTargetID = 26C2E3B41B3EB120007A95D2;
					};
				};
			};
			buildConfigurationList = 26C2E3B01B3EB120007A95D2 /* Build configuration list for PBXProject "HomeSick" */;
			compatibilityVersion = "Xcode 3.2";
			developmentRegion = English;
			hasScannedForEncodings = 0;
			knownRegions = (
				en,
				Base,
			);
			mainGroup = 26C2E3AC1B3EB120007A95D2;
			productRefGroup = 26C2E3B61B3EB120007A95D2 /* Products */;
			projectDirPath = "";
			projectRoot = "";
			targets = (
				26C2E3B41B3EB120007A95D2 /* HomeSick */,
				26C2E3D21B3EB120007A95D2 /* HomeSickTests */,
			);
		};
/* End PBXProject section */

/* Begin PBXResourcesBuildPhase section */
		26C2E3B31B3EB120007A95D2 /* Resources */ = {
			isa = PBXResourcesBuildPhase;
			buildActionMask = 2147483647;
			files = (
				1CDADEF71B3EE1A900D032D1 /* Drone01.mp3 in Resources */,
				26C2E3CE1B3EB120007A95D2 /* LaunchScreen.xib in Resources */,
				26C2E3CB1B3EB120007A95D2 /* Images.xcassets in Resources */,
				26C2E3C91B3EB120007A95D2 /* Main.storyboard in Resources */,
			);
			runOnlyForDeploymentPostprocessing = 0;
		};
		26C2E3D11B3EB120007A95D2 /* Resources */ = {
			isa = PBXResourcesBuildPhase;
			buildActionMask = 2147483647;
			files = (
			);
			runOnlyForDeploymentPostprocessing = 0;
		};
/* End PBXResourcesBuildPhase section */

/* Begin PBXSourcesBuildPhase section */
		26C2E3B11B3EB120007A95D2 /* Sources */ = {
			isa = PBXSourcesBuildPhase;
			buildActionMask = 2147483647;
			files = (
				26C2E3F91B3EBFB6007A95D2 /* HSObstacleNode.m in Sources */,
				26C2E4001B3ECEAE007A95D2 /* UIColor+HSAdditions.m in Sources */,
				26C2E3F41B3EBF9B007A95D2 /* HSPlanetNode.m in Sources */,
				26C2E3F51B3EBF9B007A95D2 /* HSMainCharacterNode.m in Sources */,
				26C2E3C61B3EB120007A95D2 /* GameViewController.m in Sources */,
				26C2E3BE1B3EB120007A95D2 /* AppDelegate.m in Sources */,
				26C2E3C11B3EB120007A95D2 /* GameScene.m in Sources */,
				26C2E3FC1B3ECDBF007A95D2 /* HSBackgroundNode.m in Sources */,
				26C2E4031B3EED95007A95D2 /* PBParallaxScrolling.m in Sources */,
				26C2E3BB1B3EB120007A95D2 /* main.m in Sources */,
			);
			runOnlyForDeploymentPostprocessing = 0;
		};
		26C2E3CF1B3EB120007A95D2 /* Sources */ = {
			isa = PBXSourcesBuildPhase;
			buildActionMask = 2147483647;
			files = (
				26C2E3DA1B3EB120007A95D2 /* HomeSickTests.m in Sources */,
			);
			runOnlyForDeploymentPostprocessing = 0;
		};
/* End PBXSourcesBuildPhase section */

/* Begin PBXTargetDependency section */
		26C2E3D51B3EB120007A95D2 /* PBXTargetDependency */ = {
			isa = PBXTargetDependency;
			target = 26C2E3B41B3EB120007A95D2 /* HomeSick */;
			targetProxy = 26C2E3D41B3EB120007A95D2 /* PBXContainerItemProxy */;
		};
/* End PBXTargetDependency section */

/* Begin PBXVariantGroup section */
		26C2E3C71B3EB120007A95D2 /* Main.storyboard */ = {
			isa = PBXVariantGroup;
			children = (
				26C2E3C81B3EB120007A95D2 /* Base */,
			);
			name = Main.storyboard;
			sourceTree = "<group>";
		};
		26C2E3CC1B3EB120007A95D2 /* LaunchScreen.xib */ = {
			isa = PBXVariantGroup;
			children = (
				26C2E3CD1B3EB120007A95D2 /* Base */,
			);
			name = LaunchScreen.xib;
			sourceTree = "<group>";
		};
/* End PBXVariantGroup section */

/* Begin XCBuildConfiguration section */
		26C2E3DB1B3EB120007A95D2 /* Debug */ = {
			isa = XCBuildConfiguration;
			buildSettings = {
				ALWAYS_SEARCH_USER_PATHS = NO;
				CLANG_CXX_LANGUAGE_STANDARD = "gnu++0x";
				CLANG_CXX_LIBRARY = "libc++";
				CLANG_ENABLE_MODULES = YES;
				CLANG_ENABLE_OBJC_ARC = YES;
				CLANG_WARN_BOOL_CONVERSION = YES;
				CLANG_WARN_CONSTANT_CONVERSION = YES;
				CLANG_WARN_DIRECT_OBJC_ISA_USAGE = YES_ERROR;
				CLANG_WARN_EMPTY_BODY = YES;
				CLANG_WARN_ENUM_CONVERSION = YES;
				CLANG_WARN_INT_CONVERSION = YES;
				CLANG_WARN_OBJC_ROOT_CLASS = YES_ERROR;
				CLANG_WARN_UNREACHABLE_CODE = YES;
				CLANG_WARN__DUPLICATE_METHOD_MATCH = YES;
				"CODE_SIGN_IDENTITY[sdk=iphoneos*]" = "iPhone Developer";
				COPY_PHASE_STRIP = NO;
				DEBUG_INFORMATION_FORMAT = "dwarf-with-dsym";
				ENABLE_STRICT_OBJC_MSGSEND = YES;
				GCC_C_LANGUAGE_STANDARD = gnu99;
				GCC_DYNAMIC_NO_PIC = NO;
				GCC_NO_COMMON_BLOCKS = YES;
				GCC_OPTIMIZATION_LEVEL = 0;
				GCC_PREPROCESSOR_DEFINITIONS = (
					"DEBUG=1",
					"$(inherited)",
				);
				GCC_SYMBOLS_PRIVATE_EXTERN = NO;
				GCC_WARN_64_TO_32_BIT_CONVERSION = YES;
				GCC_WARN_ABOUT_RETURN_TYPE = YES_ERROR;
				GCC_WARN_UNDECLARED_SELECTOR = YES;
				GCC_WARN_UNINITIALIZED_AUTOS = YES_AGGRESSIVE;
				GCC_WARN_UNUSED_FUNCTION = YES;
				GCC_WARN_UNUSED_VARIABLE = YES;
				IPHONEOS_DEPLOYMENT_TARGET = 8.3;
				MTL_ENABLE_DEBUG_INFO = YES;
				ONLY_ACTIVE_ARCH = YES;
				SDKROOT = iphoneos;
				TARGETED_DEVICE_FAMILY = "1,2";
			};
			name = Debug;
		};
		26C2E3DC1B3EB120007A95D2 /* Release */ = {
			isa = XCBuildConfiguration;
			buildSettings = {
				ALWAYS_SEARCH_USER_PATHS = NO;
				CLANG_CXX_LANGUAGE_STANDARD = "gnu++0x";
				CLANG_CXX_LIBRARY = "libc++";
				CLANG_ENABLE_MODULES = YES;
				CLANG_ENABLE_OBJC_ARC = YES;
				CLANG_WARN_BOOL_CONVERSION = YES;
				CLANG_WARN_CONSTANT_CONVERSION = YES;
				CLANG_WARN_DIRECT_OBJC_ISA_USAGE = YES_ERROR;
				CLANG_WARN_EMPTY_BODY = YES;
				CLANG_WARN_ENUM_CONVERSION = YES;
				CLANG_WARN_INT_CONVERSION = YES;
				CLANG_WARN_OBJC_ROOT_CLASS = YES_ERROR;
				CLANG_WARN_UNREACHABLE_CODE = YES;
				CLANG_WARN__DUPLICATE_METHOD_MATCH = YES;
				"CODE_SIGN_IDENTITY[sdk=iphoneos*]" = "iPhone Developer";
				COPY_PHASE_STRIP = NO;
				DEBUG_INFORMATION_FORMAT = "dwarf-with-dsym";
				ENABLE_NS_ASSERTIONS = NO;
				ENABLE_STRICT_OBJC_MSGSEND = YES;
				GCC_C_LANGUAGE_STANDARD = gnu99;
				GCC_NO_COMMON_BLOCKS = YES;
				GCC_WARN_64_TO_32_BIT_CONVERSION = YES;
				GCC_WARN_ABOUT_RETURN_TYPE = YES_ERROR;
				GCC_WARN_UNDECLARED_SELECTOR = YES;
				GCC_WARN_UNINITIALIZED_AUTOS = YES_AGGRESSIVE;
				GCC_WARN_UNUSED_FUNCTION = YES;
				GCC_WARN_UNUSED_VARIABLE = YES;
				IPHONEOS_DEPLOYMENT_TARGET = 8.3;
				MTL_ENABLE_DEBUG_INFO = NO;
				SDKROOT = iphoneos;
				TARGETED_DEVICE_FAMILY = "1,2";
				VALIDATE_PRODUCT = YES;
			};
			name = Release;
		};
		26C2E3DE1B3EB120007A95D2 /* Debug */ = {
			isa = XCBuildConfiguration;
			buildSettings = {
				ASSETCATALOG_COMPILER_APPICON_NAME = AppIcon;
				INFOPLIST_FILE = HomeSick/Info.plist;
				LD_RUNPATH_SEARCH_PATHS = "$(inherited) @executable_path/Frameworks";
				PRODUCT_NAME = "$(TARGET_NAME)";
			};
			name = Debug;
		};
		26C2E3DF1B3EB120007A95D2 /* Release */ = {
			isa = XCBuildConfiguration;
			buildSettings = {
				ASSETCATALOG_COMPILER_APPICON_NAME = AppIcon;
				INFOPLIST_FILE = HomeSick/Info.plist;
				LD_RUNPATH_SEARCH_PATHS = "$(inherited) @executable_path/Frameworks";
				PRODUCT_NAME = "$(TARGET_NAME)";
			};
			name = Release;
		};
		26C2E3E11B3EB120007A95D2 /* Debug */ = {
			isa = XCBuildConfiguration;
			buildSettings = {
				BUNDLE_LOADER = "$(TEST_HOST)";
				FRAMEWORK_SEARCH_PATHS = (
					"$(SDKROOT)/Developer/Library/Frameworks",
					"$(inherited)",
				);
				GCC_PREPROCESSOR_DEFINITIONS = (
					"DEBUG=1",
					"$(inherited)",
				);
				INFOPLIST_FILE = HomeSickTests/Info.plist;
				LD_RUNPATH_SEARCH_PATHS = "$(inherited) @executable_path/Frameworks @loader_path/Frameworks";
				PRODUCT_NAME = "$(TARGET_NAME)";
				TEST_HOST = "$(BUILT_PRODUCTS_DIR)/HomeSick.app/HomeSick";
			};
			name = Debug;
		};
		26C2E3E21B3EB120007A95D2 /* Release */ = {
			isa = XCBuildConfiguration;
			buildSettings = {
				BUNDLE_LOADER = "$(TEST_HOST)";
				FRAMEWORK_SEARCH_PATHS = (
					"$(SDKROOT)/Developer/Library/Frameworks",
					"$(inherited)",
				);
				INFOPLIST_FILE = HomeSickTests/Info.plist;
				LD_RUNPATH_SEARCH_PATHS = "$(inherited) @executable_path/Frameworks @loader_path/Frameworks";
				PRODUCT_NAME = "$(TARGET_NAME)";
				TEST_HOST = "$(BUILT_PRODUCTS_DIR)/HomeSick.app/HomeSick";
			};
			name = Release;
		};
/* End XCBuildConfiguration section */

/* Begin XCConfigurationList section */
		26C2E3B01B3EB120007A95D2 /* Build configuration list for PBXProject "HomeSick" */ = {
			isa = XCConfigurationList;
			buildConfigurations = (
				26C2E3DB1B3EB120007A95D2 /* Debug */,
				26C2E3DC1B3EB120007A95D2 /* Release */,
			);
			defaultConfigurationIsVisible = 0;
			defaultConfigurationName = Release;
		};
		26C2E3DD1B3EB120007A95D2 /* Build configuration list for PBXNativeTarget "HomeSick" */ = {
			isa = XCConfigurationList;
			buildConfigurations = (
				26C2E3DE1B3EB120007A95D2 /* Debug */,
				26C2E3DF1B3EB120007A95D2 /* Release */,
			);
			defaultConfigurationIsVisible = 0;
			defaultConfigurationName = Release;
		};
		26C2E3E01B3EB120007A95D2 /* Build configuration list for PBXNativeTarget "HomeSickTests" */ = {
			isa = XCConfigurationList;
			buildConfigurations = (
				26C2E3E11B3EB120007A95D2 /* Debug */,
				26C2E3E21B3EB120007A95D2 /* Release */,
			);
			defaultConfigurationIsVisible = 0;
			defaultConfigurationName = Release;
		};
/* End XCConfigurationList section */
	};
	rootObject = 26C2E3AD1B3EB120007A95D2 /* Project object */;
}
